<Solution>
  <Configurations>
    <Platform Name="x64" />
    <Platform Name="x86" />
  </Configurations>
  <Project Path="DiceRolling/DiceRolling.vcxproj" Id="95024708-61c2-4397-87de-498f24cb16b3" />
  <Project Path="Locking/Locking.vcxproj" Id="e39c0b55-ea8b-4ea4-b0a4-d098cc155d0c" />
  <Project Path="October 1/October 1.vcxproj" Id="128352df-01e4-4c3c-8a3d-a2e1a2abdd96" />
  <Project Path="September 22/September 22.vcxproj" Id="595e22cf-26cb-4e08-90ba-211f1e793707" />
  <Project Path="September 24/September 24.vcxproj" Id="ff512074-28d1-4b9d-9b11-1ae3ecfc8a29" />
  <Project Path="September 29/September 29.vcxproj" Id="2089fbd9-1d7a-4eec-afe8-75743969003a" />
</Solution>
